
Microsoft Visual Studio Solution File, Format Version 12.00
# Visual Studio Version 17
VisualStudioVersion = 17.0.31903.59
MinimumVisualStudioVersion = 10.0.40219.1
Project("{FAE04EC0-301F-11D3-BF4B-00C04F79EFBC}") = "Employee Management Program", "Employee Management Program.csproj", "{36CA0967-2EC8-4ED2-B8FA-5D57298B6DAC}"
EndProject
Project("{FAE04EC0-301F-11D3-BF4B-00C04F79EFBC}") = "EmployeeManagement.Tests", "..\EmployeeManagement.Tests\EmployeeManagement.Tests.csproj", "{F64B6FEB-49FB-4573-AE9E-B192FD723C22}"
EndProject
Global
	GlobalSection(SolutionConfigurationPlatforms) = preSolution
		Debug|Any CPU = Debug|Any CPU
		Release|Any CPU = Release|Any CPU
	EndGlobalSection
	GlobalSection(ProjectConfigurationPlatforms) = postSolution
		{36CA0967-2EC8-4ED2-B8FA-5D57298B6DAC}.Debug|Any CPU.ActiveCfg = Debug|Any CPU
		{36CA0967-2EC8-4ED2-B8FA-5D57298B6DAC}.Debug|Any CPU.Build.0 = Debug|Any CPU
		{36CA0967-2EC8-4ED2-B8FA-5D57298B6DAC}.Release|Any CPU.ActiveCfg = Release|Any CPU
		{36CA0967-2EC8-4ED2-B8FA-5D57298B6DAC}.Release|Any CPU.Build.0 = Release|Any CPU
		{F64B6FEB-49FB-4573-AE9E-B192FD723C22}.Debug|Any CPU.ActiveCfg = Debug|Any CPU
		{F64B6FEB-49FB-4573-AE9E-B192FD723C22}.Debug|Any CPU.Build.0 = Debug|Any CPU
		{F64B6FEB-49FB-4573-AE9E-B192FD723C22}.Release|Any CPU.ActiveCfg = Release|Any CPU
		{F64B6FEB-49FB-4573-AE9E-B192FD723C22}.Release|Any CPU.Build.0 = Release|Any CPU
	EndGlobalSection
	GlobalSection(SolutionProperties) = preSolution
		HideSolutionNode = FALSE
	EndGlobalSection
EndGlobal
